{
  "name": "tapprform2",
  "version": "0.1.0",
  "lockfileVersion": 1,
  "requires": true,
  "dependencies": {
    "react-signature-canvas": {
      "version": "1.0.1",
      "resolved": "https://registry.npmjs.org/react-signature-canvas/-/react-signature-canvas-1.0.1.tgz",
      "integrity": "sha512-xTMHZQ5ywqoG/uASt1H6jjcKQvWkSc5ZVu/acIp9JTwP8wSi/OJ1zcZiL6LFtQ64xgWNPri+Ku9d7fnOPVzAYw==",
      "requires": {
        "signature_pad": "2.3.2",
        "trim-canvas": "0.1.2"
      }
    },
    "signature_pad": {
      "version": "2.3.2",
      "resolved": "https://registry.npmjs.org/signature_pad/-/signature_pad-2.3.2.tgz",
      "integrity": "sha512-peYXLxOsIY6MES2TrRLDiNg2T++8gGbpP2yaC+6Ohtxr+a2dzoaqWosWDY9sWqTAAk6E/TyQO+LJw9zQwyu5kA=="
    },
    "trim-canvas": {
      "version": "0.1.2",
      "resolved": "https://registry.npmjs.org/trim-canvas/-/trim-canvas-0.1.2.tgz",
      "integrity": "sha1-YgRX9f7PVktSHTXF/NTaWDBNbkU="
    }
  }
}
